
Microsoft Visual Studio Solution File, Format Version 12.00
# Visual Studio Version 17
VisualStudioVersion = 17.11.35327.3
MinimumVisualStudioVersion = 10.0.40219.1
Project("{9A19103F-16F7-4668-BE54-9A1E7A4F7556}") = "ScrapSystem.Api", "ScrapSystem.Api\ScrapSystem.Api.csproj", "{026BA6BB-3B8C-461C-A991-1C70EBC0C73F}"
EndProject
Project("{9A19103F-16F7-4668-BE54-9A1E7A4F7556}") = "ScrapSystem.Web", "ScrapSystem.Web\ScrapSystem.Web.csproj", "{358F1737-5798-4E86-BAF5-7D9BAF7257B8}"
EndProject
Global
	GlobalSection(SolutionConfigurationPlatforms) = preSolution
		Debug|Any CPU = Debug|Any CPU
		Release|Any CPU = Release|Any CPU
	EndGlobalSection
	GlobalSection(ProjectConfigurationPlatforms) = postSolution
		{026BA6BB-3B8C-461C-A991-1C70EBC0C73F}.Debug|Any CPU.ActiveCfg = Debug|Any CPU
		{026BA6BB-3B8C-461C-A991-1C70EBC0C73F}.Debug|Any CPU.Build.0 = Debug|Any CPU
		{026BA6BB-3B8C-461C-A991-1C70EBC0C73F}.Release|Any CPU.ActiveCfg = Release|Any CPU
		{026BA6BB-3B8C-461C-A991-1C70EBC0C73F}.Release|Any CPU.Build.0 = Release|Any CPU
		{358F1737-5798-4E86-BAF5-7D9BAF7257B8}.Debug|Any CPU.ActiveCfg = Debug|Any CPU
		{358F1737-5798-4E86-BAF5-7D9BAF7257B8}.Debug|Any CPU.Build.0 = Debug|Any CPU
		{358F1737-5798-4E86-BAF5-7D9BAF7257B8}.Release|Any CPU.ActiveCfg = Release|Any CPU
		{358F1737-5798-4E86-BAF5-7D9BAF7257B8}.Release|Any CPU.Build.0 = Release|Any CPU
	EndGlobalSection
	GlobalSection(SolutionProperties) = preSolution
		HideSolutionNode = FALSE
	EndGlobalSection
	GlobalSection(ExtensibilityGlobals) = postSolution
		SolutionGuid = {87A6561E-96DE-439D-8B82-F5CEDA811C5C}
	EndGlobalSection
EndGlobal
